<?xml version="1.0" encoding="utf-8"?>
<Project ToolsVersion="4.0" xmlns="http://schemas.microsoft.com/developer/msbuild/2003">
  <ItemGroup>
    <Filter Include="Source Files">
      <UniqueIdentifier>{4FC737F1-C7A5-4376-A066-2A32D752A2FF}</UniqueIdentifier>
      <Extensions>cpp;c;cc;cxx;c++;def;odl;idl;hpj;bat;asm;asmx</Extensions>
    </Filter>
    <Filter Include="Header Files">
      <UniqueIdentifier>{93995380-89BD-4b04-88EB-625FBE52EBFB}</UniqueIdentifier>
      <Extensions>h;hh;hpp;hxx;h++;hm;inl;inc;ipp;xsd</Extensions>
    </Filter>
    <Filter Include="Resource Files">
      <UniqueIdentifier>{67DA6AB6-F800-4c08-8B7A-83BB121AAD01}</UniqueIdentifier>
      <Extensions>rc;ico;cur;bmp;dlg;rc2;rct;bin;rgs;gif;jpg;jpeg;jpe;resx;tiff;tif;png;wav;mfcribbon-ms</Extensions>
    </Filter>
  </ItemGroup>
  <ItemGroup>
    <ClCompile Include="Source.cpp">
      <Filter>Source Files</Filter>
    </ClCompile>
    <ClCompile Include="studente.cpp">
      <Filter>Resource Files</Filter>
    </ClCompile>
    <ClCompile Include="prof.cpp">
      <Filter>Resource Files</Filter>
    </ClCompile>
    <ClCompile Include="aula.cpp">
      <Filter>Resource Files</Filter>
    </ClCompile>
    <ClCompile Include="corso.cpp">
      <Filter>Resource Files</Filter>
    </ClCompile>
    <ClCompile Include="corsobig.cpp">
      <Filter>Resource Files</Filter>
    </ClCompile>
    <ClCompile Include="corsostudio.cpp">
      <Filter>Resource Files</Filter>
    </ClCompile>
    <ClCompile Include="studentefunctions.cpp">
      <Filter>Resource Files</Filter>
    </ClCompile>
    <ClCompile Include="proffunctions.cpp">
      <Filter>Resource Files</Filter>
    </ClCompile>
    <ClCompile Include="aulafunctions.cpp">
      <Filter>Resource Files</Filter>
    </ClCompile>
    <ClCompile Include="esameinfo.cpp">
      <Filter>Resource Files</Filter>
    </ClCompile>
    <ClCompile Include="esamefunctions.cpp">
      <Filter>Resource Files</Filter>
    </ClCompile>
  </ItemGroup>
  <ItemGroup>
    <ClInclude Include="studente.h">
      <Filter>Header Files</Filter>
    </ClInclude>
    <ClInclude Include="corso.h">
      <Filter>Header Files</Filter>
    </ClInclude>
    <ClInclude Include="prof.h">
      <Filter>Header Files</Filter>
    </ClInclude>
    <ClInclude Include="aula.h">
      <Filter>Header Files</Filter>
    </ClInclude>
    <ClInclude Include="corsobig.h">
      <Filter>Header Files</Filter>
    </ClInclude>
    <ClInclude Include="corsostudio.h">
      <Filter>Header Files</Filter>
    </ClInclude>
    <ClInclude Include="studentefunctions.h">
      <Filter>Header Files</Filter>
    </ClInclude>
    <ClInclude Include="proffunctions.h">
      <Filter>Header Files</Filter>
    </ClInclude>
    <ClInclude Include="aulafunctions.h">
      <Filter>Header Files</Filter>
    </ClInclude>
    <ClInclude Include="esameinfo.h">
      <Filter>Header Files</Filter>
    </ClInclude>
    <ClInclude Include="esamefunctions.h">
      <Filter>Header Files</Filter>
    </ClInclude>
  </ItemGroup>
</Project>